
Microsoft Visual Studio Solution File, Format Version 12.00
# Visual Studio Version 16
VisualStudioVersion = 16.0.808.1
MinimumVisualStudioVersion = 10.0.40219.1
Project("{FAE04EC0-301F-11D3-BF4B-00C04F79EFBC}") = "Books-Inventory-System", "Books-Inventory-System\Books-Inventory-System.csproj", "{D69AAE6A-2FB1-4339-A43E-C473B9DA34BD}"
EndProject
Project("{FAE04EC0-301F-11D3-BF4B-00C04F79EFBC}") = "Books-Inventory-System.UnitTests", "Books-Inventory-System.UnitTests\Books-Inventory-System.UnitTests.csproj", "{013A88EE-5F51-41AB-9C5C-09DE406FD547}"
EndProject
Project("{FAE04EC0-301F-11D3-BF4B-00C04F79EFBC}") = "Books-Inventory-System.IntegrationTests", "Books-Inventory-System.IntegrationTests\Books-Inventory-System.IntegrationTests.csproj", "{1BC23D42-08F6-42CE-B84C-37868E705337}"
EndProject
Project("{FAE04EC0-301F-11D3-BF4B-00C04F79EFBC}") = "Books-Inventory-System.ComponentTests", "Books-Inventory-System.ComponentTests\Books-Inventory-System.ComponentTests.csproj", "{C1680EE4-0F9C-4152-B207-39EC857E9D72}"
EndProject
Global
	GlobalSection(SolutionConfigurationPlatforms) = preSolution
		Debug|Any CPU = Debug|Any CPU
		Release|Any CPU = Release|Any CPU
	EndGlobalSection
	GlobalSection(ProjectConfigurationPlatforms) = postSolution
		{D69AAE6A-2FB1-4339-A43E-C473B9DA34BD}.Debug|Any CPU.ActiveCfg = Debug|Any CPU
		{D69AAE6A-2FB1-4339-A43E-C473B9DA34BD}.Debug|Any CPU.Build.0 = Debug|Any CPU
		{D69AAE6A-2FB1-4339-A43E-C473B9DA34BD}.Release|Any CPU.ActiveCfg = Release|Any CPU
		{D69AAE6A-2FB1-4339-A43E-C473B9DA34BD}.Release|Any CPU.Build.0 = Release|Any CPU
		{013A88EE-5F51-41AB-9C5C-09DE406FD547}.Debug|Any CPU.ActiveCfg = Debug|Any CPU
		{013A88EE-5F51-41AB-9C5C-09DE406FD547}.Debug|Any CPU.Build.0 = Debug|Any CPU
		{013A88EE-5F51-41AB-9C5C-09DE406FD547}.Release|Any CPU.ActiveCfg = Release|Any CPU
		{013A88EE-5F51-41AB-9C5C-09DE406FD547}.Release|Any CPU.Build.0 = Release|Any CPU
		{1BC23D42-08F6-42CE-B84C-37868E705337}.Debug|Any CPU.ActiveCfg = Debug|Any CPU
		{1BC23D42-08F6-42CE-B84C-37868E705337}.Debug|Any CPU.Build.0 = Debug|Any CPU
		{1BC23D42-08F6-42CE-B84C-37868E705337}.Release|Any CPU.ActiveCfg = Release|Any CPU
		{1BC23D42-08F6-42CE-B84C-37868E705337}.Release|Any CPU.Build.0 = Release|Any CPU
		{C1680EE4-0F9C-4152-B207-39EC857E9D72}.Debug|Any CPU.ActiveCfg = Debug|Any CPU
		{C1680EE4-0F9C-4152-B207-39EC857E9D72}.Debug|Any CPU.Build.0 = Debug|Any CPU
		{C1680EE4-0F9C-4152-B207-39EC857E9D72}.Release|Any CPU.ActiveCfg = Release|Any CPU
		{C1680EE4-0F9C-4152-B207-39EC857E9D72}.Release|Any CPU.Build.0 = Release|Any CPU
	EndGlobalSection
	GlobalSection(SolutionProperties) = preSolution
		HideSolutionNode = FALSE
	EndGlobalSection
	GlobalSection(ExtensibilityGlobals) = postSolution
		SolutionGuid = {FAD078E0-D989-4CC9-A7A9-B4650524E461}
	EndGlobalSection
EndGlobal
